PODS:
  - Alamofire (4.3.0)
  - IQKeyboardManagerSwift (4.0.8)
  - JGProgressHUD (1.4)
  - JZLocationConverter (1.0.0)
  - KSCrash (1.15.2):
    - KSCrash/Installations (= 1.15.2)
  - KSCrash/Installations (1.15.2):
    - KSCrash/Recording
    - KSCrash/Reporting
  - KSCrash/Recording (1.15.2):
    - KSCrash/Recording/Tools (= 1.15.2)
  - KSCrash/Recording/Tools (1.15.2)
  - KSCrash/Reporting (1.15.2):
    - KSCrash/Recording
    - KSCrash/Reporting/Filters (= 1.15.2)
    - KSCrash/Reporting/MessageUI (= 1.15.2)
    - KSCrash/Reporting/Sinks (= 1.15.2)
    - KSCrash/Reporting/Tools (= 1.15.2)
  - KSCrash/Reporting/Filters (1.15.2):
    - KSCrash/Recording
    - KSCrash/Reporting/Filters/Alert (= 1.15.2)
    - KSCrash/Reporting/Filters/AppleFmt (= 1.15.2)
    - KSCrash/Reporting/Filters/Base (= 1.15.2)
    - KSCrash/Reporting/Filters/Basic (= 1.15.2)
    - KSCrash/Reporting/Filters/GZip (= 1.15.2)
    - KSCrash/Reporting/Filters/JSON (= 1.15.2)
    - KSCrash/Reporting/Filters/Sets (= 1.15.2)
    - KSCrash/Reporting/Filters/Stringify (= 1.15.2)
    - KSCrash/Reporting/Filters/Tools (= 1.15.2)
  - KSCrash/Reporting/Filters/Alert (1.15.2):
    - KSCrash/Recording
    - KSCrash/Reporting/Filters/Base
  - KSCrash/Reporting/Filters/AppleFmt (1.15.2):
    - KSCrash/Recording
    - KSCrash/Reporting/Filters/Base
  - KSCrash/Reporting/Filters/Base (1.15.2):
    - KSCrash/Recording
  - KSCrash/Reporting/Filters/Basic (1.15.2):
    - KSCrash/Recording
    - KSCrash/Reporting/Filters/Base
  - KSCrash/Reporting/Filters/GZip (1.15.2):
    - KSCrash/Recording
    - KSCrash/Reporting/Filters/Base
  - KSCrash/Reporting/Filters/JSON (1.15.2):
    - KSCrash/Recording
    - KSCrash/Reporting/Filters/Base
  - KSCrash/Reporting/Filters/Sets (1.15.2):
    - KSCrash/Recording
    - KSCrash/Reporting/Filters/AppleFmt
    - KSCrash/Reporting/Filters/Base
    - KSCrash/Reporting/Filters/Basic
    - KSCrash/Reporting/Filters/GZip
    - KSCrash/Reporting/Filters/JSON
    - KSCrash/Reporting/Filters/Stringify
  - KSCrash/Reporting/Filters/Stringify (1.15.2):
    - KSCrash/Recording
    - KSCrash/Reporting/Filters/Base
  - KSCrash/Reporting/Filters/Tools (1.15.2):
    - KSCrash/Recording
  - KSCrash/Reporting/MessageUI (1.15.2):
    - KSCrash/Recording
  - KSCrash/Reporting/Sinks (1.15.2):
    - KSCrash/Recording
    - KSCrash/Reporting/Filters
    - KSCrash/Reporting/Tools
  - KSCrash/Reporting/Tools (1.15.2):
    - KSCrash/Recording
  - LTMorphingLabel (0.4.0)
  - SnapKit (3.1.2)
  - swiftScan (1.0.8)
  - SwiftyJSON (3.1.4)
  - Toast-Swift (2.0.0)

DEPENDENCIES:
  - Alamofire
  - IQKeyboardManagerSwift
  - JGProgressHUD
  - JZLocationConverter
  - KSCrash (~> 1.8)
  - LTMorphingLabel
  - SnapKit
  - swiftScan (from `https://github.com/MxABC/swiftScan.git`, tag `1.0.9`)
  - SwiftyJSON
  - Toast-Swift

EXTERNAL SOURCES:
  swiftScan:
    :git: https://github.com/MxABC/swiftScan.git
    :tag: 1.0.9

CHECKOUT OPTIONS:
  swiftScan:
    :git: https://github.com/MxABC/swiftScan.git
    :tag: 1.0.9

SPEC CHECKSUMS:
  Alamofire: 856a113053a7bc9cbe5d6367a555d773fc5cfef7
  IQKeyboardManagerSwift: c04bc9f68473823f825eb44d958fce98d921bead
  JGProgressHUD: 1617b0940cf80bb53e8f7d6f0fd69252ea45d6d4
  JZLocationConverter: 3d816bee6484aed9c155a6045a02ce444833e2f0
  KSCrash: 303b25eb0f5796009e9458fc35a55e2ae78b4c9e
  LTMorphingLabel: d9a85f16ac306f0e07321d6819964deb2dc69638
  SnapKit: 12b24f569cb7c143acc9c22b9d91b23e7b1c84a2
  swiftScan: 2dc76303bc7c2dcb7bde9c539f9bd6a7520abc8e
  SwiftyJSON: c2842d878f95482ffceec5709abc3d05680c0220
  Toast-Swift: 5b2f8f720f7e78e48511f693df1f9c9a6e38a25a

PODFILE CHECKSUM: bfb77e527da8750dc467f386cd067110101babce

COCOAPODS: 1.2.0
